{
  "requires": true,
  "lockfileVersion": 1,
  "dependencies": {
    "commander": {
      "version": "2.20.3",
      "resolved": "https://registry.npmjs.org/commander/-/commander-2.20.3.tgz",
      "integrity": "sha512-GpVkmM8vF2vQUkj2LvZmD35JxeJOLCwJ9cUkugyk2nuhbv3+mJvpLYYt+0+USMxE+oj+ey/lJEnhZw75x/OMcQ=="
    },
    "lorem-ipsum": {
      "version": "2.0.3",
      "resolved": "https://registry.npmjs.org/lorem-ipsum/-/lorem-ipsum-2.0.3.tgz",
      "integrity": "sha512-CX2r84DMWjW/DWiuzicTI9aRaJPAw2cvAGMJYZh/nx12OkTGqloj8y8FU0S8ZkKwOdqhfxEA6Ly8CW2P6Yxjwg==",
      "requires": {
        "commander": "^2.17.1"
      }
    },
    "pegjs": {
      "version": "0.10.0",
      "resolved": "https://registry.npmjs.org/pegjs/-/pegjs-0.10.0.tgz",
      "integrity": "sha1-z4uvrm7d/0tafvsYUmnqr0YQ3b0="
    },
    "pegjs-import": {
      "version": "0.2.6",
      "resolved": "https://registry.npmjs.org/pegjs-import/-/pegjs-import-0.2.6.tgz",
      "integrity": "sha1-w12QioP52sML3XJkBFCaxXBcw9s=",
      "requires": {
        "pegjs": "^0.8.0"
      },
      "dependencies": {
        "pegjs": {
          "version": "0.8.0",
          "resolved": "https://registry.npmjs.org/pegjs/-/pegjs-0.8.0.tgz",
          "integrity": "sha1-l28GfaE+XFsVAcAXklZoolOBFWE="
        }
      }
    },
    "pegjs-require": {
      "version": "2.0.0",
      "resolved": "https://registry.npmjs.org/pegjs-require/-/pegjs-require-2.0.0.tgz",
      "integrity": "sha1-J4yW5mlB/wNg6q7yTOk8WrjfYLc=",
      "requires": {
        "pegjs": ">= 0.10.0"
      }
    }
  }
}
